
Microsoft Visual Studio Solution File, Format Version 12.00
# Visual Studio Version 17
VisualStudioVersion = 17.11.35312.102
MinimumVisualStudioVersion = 10.0.40219.1
Project("{54A90642-561A-4BB1-A94E-469ADEE60C69}") = "Portfolio", "docs\Portfolio.esproj", "{626103D7-E7AC-47F7-BB63-89DB84110A50}"
EndProject
Global
	GlobalSection(SolutionConfigurationPlatforms) = preSolution
		Debug|Any CPU = Debug|Any CPU
		Release|Any CPU = Release|Any CPU
	EndGlobalSection
	GlobalSection(ProjectConfigurationPlatforms) = postSolution
		{626103D7-E7AC-47F7-BB63-89DB84110A50}.Debug|Any CPU.ActiveCfg = Debug|Any CPU
		{626103D7-E7AC-47F7-BB63-89DB84110A50}.Debug|Any CPU.Build.0 = Debug|Any CPU
		{626103D7-E7AC-47F7-BB63-89DB84110A50}.Debug|Any CPU.Deploy.0 = Debug|Any CPU
		{626103D7-E7AC-47F7-BB63-89DB84110A50}.Release|Any CPU.ActiveCfg = Release|Any CPU
		{626103D7-E7AC-47F7-BB63-89DB84110A50}.Release|Any CPU.Build.0 = Release|Any CPU
		{626103D7-E7AC-47F7-BB63-89DB84110A50}.Release|Any CPU.Deploy.0 = Release|Any CPU
	EndGlobalSection
	GlobalSection(SolutionProperties) = preSolution
		HideSolutionNode = FALSE
	EndGlobalSection
	GlobalSection(ExtensibilityGlobals) = postSolution
		SolutionGuid = {23E76C4A-C42F-4157-99B2-B2C7D9F65078}
	EndGlobalSection
EndGlobal
